--- 
dependencies: 
  pg: 
    group: 
    - :default
    version: = 0.9.0
  rails: 
    group: 
    - :default
    version: = 2.3.8
  mocha: 
    group: 
    - :test
    version: ">= 0"
  factory_girl: 
    group: 
    - :test
    version: ">= 0"
specs: 
- rake: 
    version: 0.8.7
- activesupport: 
    version: 2.3.8
- rack: 
    version: 1.1.0
- actionpack: 
    version: 2.3.8
- actionmailer: 
    version: 2.3.8
- activerecord: 
    version: 2.3.8
- activeresource: 
    version: 2.3.8
- factory_girl: 
    version: 1.2.4
- mocha: 
    version: 0.9.8
- pg: 
    version: 0.9.0
- rails: 
    version: 2.3.8
hash: 63d361b2410e0bb546a04b34a76966b81c5f8d27
sources: 
- Rubygems: 
    uri: http://rubygems.org
