--- 
dependencies: 
  pg: 
    group: 
    - :default
    version: = 0.9.0
  rails: 
    group: 
    - :default
    version: = 3.0.0.beta3
  mocha: 
    group: 
    - :test
    version: ">= 0"
  factory_girl: 
    group: 
    - :test
    version: ">= 0"
specs: 
- rake: 
    version: 0.8.7
- abstract: 
    version: 1.0.0
- builder: 
    version: 2.1.2
- i18n: 
    version: 0.3.7
- memcache-client: 
    version: 1.8.3
- tzinfo: 
    version: 0.3.22
- activesupport: 
    version: 3.0.0.beta3
- activemodel: 
    version: 3.0.0.beta3
- erubis: 
    version: 2.6.5
- rack: 
    version: 1.1.0
- rack-mount: 
    version: 0.6.3
- rack-test: 
    version: 0.5.4
- actionpack: 
    version: 3.0.0.beta3
- mime-types: 
    version: "1.16"
- polyglot: 
    version: 0.3.1
- treetop: 
    version: 1.4.8
- mail: 
    version: 2.2.3
- text-hyphen: 
    version: 1.0.0
- text-format: 
    version: 1.0.0
- actionmailer: 
    version: 3.0.0.beta3
- arel: 
    version: 0.3.3
- activerecord: 
    version: 3.0.0.beta3
- activeresource: 
    version: 3.0.0.beta3
- bundler: 
    version: 0.9.25
- factory_girl: 
    version: 1.2.5
    source: 0
- mocha: 
    version: 0.9.8
- pg: 
    version: 0.9.0
- thor: 
    version: 0.13.6
- railties: 
    version: 3.0.0.beta3
- rails: 
    version: 3.0.0.beta3
hash: 0a6cf7e2e0c1b2b3ec5041fca5d0577ade435447
sources: 
- Git: 
    uri: git://github.com/thoughtbot/factory_girl.git
    git: git://github.com/thoughtbot/factory_girl.git
    ref: 434f67b236382cb9e5f69f6a695e190d46098f1e
- Rubygems: 
    uri: http://rubygems.org
